
Microsoft Visual Studio Solution File, Format Version 12.00
# Visual Studio Version 17
VisualStudioVersion = 17.2.32526.322
MinimumVisualStudioVersion = 10.0.40219.1
Project("{9A19103F-16F7-4668-BE54-9A1E7A4F7556}") = "ProjectZ", "ProjectZ.csproj", "{3A3F8C88-9271-4122-BEA4-377064822A14}"
EndProject
Global
	GlobalSection(SolutionConfigurationPlatforms) = preSolution
		Debug|Any CPU = Debug|Any CPU
		Debug|x86 = Debug|x86
		Release|Any CPU = Release|Any CPU
		Release|x86 = Release|x86
	EndGlobalSection
	GlobalSection(ProjectConfigurationPlatforms) = postSolution
		{3A3F8C88-9271-4122-BEA4-377064822A14}.Debug|Any CPU.ActiveCfg = Debug|Any CPU
		{3A3F8C88-9271-4122-BEA4-377064822A14}.Debug|Any CPU.Build.0 = Debug|Any CPU
		{3A3F8C88-9271-4122-BEA4-377064822A14}.Debug|x86.ActiveCfg = Debug|Any CPU
		{3A3F8C88-9271-4122-BEA4-377064822A14}.Debug|x86.Build.0 = Debug|Any CPU
		{3A3F8C88-9271-4122-BEA4-377064822A14}.Release|Any CPU.ActiveCfg = Release|Any CPU
		{3A3F8C88-9271-4122-BEA4-377064822A14}.Release|Any CPU.Build.0 = Release|Any CPU
		{3A3F8C88-9271-4122-BEA4-377064822A14}.Release|x86.ActiveCfg = Release|Any CPU
		{3A3F8C88-9271-4122-BEA4-377064822A14}.Release|x86.Build.0 = Release|Any CPU
	EndGlobalSection
	GlobalSection(SolutionProperties) = preSolution
		HideSolutionNode = FALSE
	EndGlobalSection
	GlobalSection(ExtensibilityGlobals) = postSolution
		SolutionGuid = {63CDECBD-18A4-419A-8FE4-B8F53DDC1778}
	EndGlobalSection
	GlobalSection(Performance) = preSolution
		HasPerformanceSessions = true
	EndGlobalSection
EndGlobal
